
Microsoft Visual Studio Solution File, Format Version 12.00
# Visual Studio Version 17
VisualStudioVersion = 17.11.35222.181
MinimumVisualStudioVersion = 10.0.40219.1
Project("{9A19103F-16F7-4668-BE54-9A1E7A4F7556}") = "SS_OLA2_FRONTEND", "SS_OLA2_FRONTEND\SS_OLA2_FRONTEND.csproj", "{66A5292A-8E6F-4EE5-B087-B5228941ADB1}"
EndProject
Project("{9A19103F-16F7-4668-BE54-9A1E7A4F7556}") = "SS_OLA2_BACKEND", "SS_OLA2_BACKEND\SS_OLA2_BACKEND.csproj", "{31EF6FC3-16A4-4530-9D38-E825A4CB127B}"
EndProject
Global
	GlobalSection(SolutionConfigurationPlatforms) = preSolution
		Debug|Any CPU = Debug|Any CPU
		Release|Any CPU = Release|Any CPU
	EndGlobalSection
	GlobalSection(ProjectConfigurationPlatforms) = postSolution
		{66A5292A-8E6F-4EE5-B087-B5228941ADB1}.Debug|Any CPU.ActiveCfg = Debug|Any CPU
		{66A5292A-8E6F-4EE5-B087-B5228941ADB1}.Debug|Any CPU.Build.0 = Debug|Any CPU
		{66A5292A-8E6F-4EE5-B087-B5228941ADB1}.Release|Any CPU.ActiveCfg = Release|Any CPU
		{66A5292A-8E6F-4EE5-B087-B5228941ADB1}.Release|Any CPU.Build.0 = Release|Any CPU
		{31EF6FC3-16A4-4530-9D38-E825A4CB127B}.Debug|Any CPU.ActiveCfg = Debug|Any CPU
		{31EF6FC3-16A4-4530-9D38-E825A4CB127B}.Debug|Any CPU.Build.0 = Debug|Any CPU
		{31EF6FC3-16A4-4530-9D38-E825A4CB127B}.Release|Any CPU.ActiveCfg = Release|Any CPU
		{31EF6FC3-16A4-4530-9D38-E825A4CB127B}.Release|Any CPU.Build.0 = Release|Any CPU
	EndGlobalSection
	GlobalSection(SolutionProperties) = preSolution
		HideSolutionNode = FALSE
	EndGlobalSection
	GlobalSection(ExtensibilityGlobals) = postSolution
		SolutionGuid = {BA0ECA6B-7A9C-4314-B236-C2A656BADC53}
	EndGlobalSection
EndGlobal
